{
  "R": {
    "Version": "4.4.0",
    "Repositories": [
      {
        "Name": "CRAN",
        "URL": "https://cran.rstudio.com"
      }
    ]
  },
  "Packages": {
    "ggeffects": {
      "Package": "ggeffects",
      "Version": "1.7.0",
      "Source": "Repository",
      "Repository": "CRAN",
      "Requirements": [
        "R",
        "graphics",
        "insight",
        "stats",
        "utils"
      ],
      "Hash": "b9c75fc800834b7428101341a8c6ebdc"
    },
    "insight": {
      "Package": "insight",
      "Version": "0.20.1",
      "Source": "Repository",
      "Repository": "CRAN",
      "Requirements": [
        "R",
        "methods",
        "stats",
        "utils"
      ],
      "Hash": "9e968fb16772af41ca88ac3d51b09743"
    }
  }
}
